
Microsoft Visual Studio Solution File, Format Version 12.00
# Visual Studio Version 16
VisualStudioVersion = 16.0.30907.101
MinimumVisualStudioVersion = 10.0.40219.1
Project("{FAE04EC0-301F-11D3-BF4B-00C04F79EFBC}") = "ZeytinyagiMotel", "ZeytinyagiMotel\ZeytinyagiMotel.csproj", "{1561E9E0-E79C-4EAB-9A1E-E46161479772}"
EndProject
Global
	GlobalSection(SolutionConfigurationPlatforms) = preSolution
		Debug|Any CPU = Debug|Any CPU
		Release|Any CPU = Release|Any CPU
	EndGlobalSection
	GlobalSection(ProjectConfigurationPlatforms) = postSolution
		{1561E9E0-E79C-4EAB-9A1E-E46161479772}.Debug|Any CPU.ActiveCfg = Debug|Any CPU
		{1561E9E0-E79C-4EAB-9A1E-E46161479772}.Debug|Any CPU.Build.0 = Debug|Any CPU
		{1561E9E0-E79C-4EAB-9A1E-E46161479772}.Release|Any CPU.ActiveCfg = Release|Any CPU
		{1561E9E0-E79C-4EAB-9A1E-E46161479772}.Release|Any CPU.Build.0 = Release|Any CPU
	EndGlobalSection
	GlobalSection(SolutionProperties) = preSolution
		HideSolutionNode = FALSE
	EndGlobalSection
	GlobalSection(ExtensibilityGlobals) = postSolution
		SolutionGuid = {1B8CCF0B-ECDA-49B2-86C1-DD3F0E6F8E6A}
	EndGlobalSection
EndGlobal
